// !$*UTF8*$!
{
	archiveVersion = 1;
	classes = {
	};
	objectVersion = 55;
	objects = {

/* Begin PBXBuildFile section */
		AD1ABAB22831907B00B3E448 /* AppDelegate.swift in Sources */ = {isa = PBXBuildFile; fileRef = AD1ABAB12831907B00B3E448 /* AppDelegate.swift */; };
		AD1ABAB42831907B00B3E448 /* SceneDelegate.swift in Sources */ = {isa = PBXBuildFile; fileRef = AD1ABAB32831907B00B3E448 /* SceneDelegate.swift */; };
		AD1ABAB62831907B00B3E448 /* MovieQuizViewController.swift in Sources */ = {isa = PBXBuildFile; fileRef = AD1ABAB52831907B00B3E448 /* MovieQuizViewController.swift */; };
		AD1ABAB92831907B00B3E448 /* Main.storyboard in Resources */ = {isa = PBXBuildFile; fileRef = AD1ABAB72831907B00B3E448 /* Main.storyboard */; };
		AD1ABABB2831907F00B3E448 /* Assets.xcassets in Resources */ = {isa = PBXBuildFile; fileRef = AD1ABABA2831907F00B3E448 /* Assets.xcassets */; };
		AD1ABABE2831907F00B3E448 /* LaunchScreen.storyboard in Resources */ = {isa = PBXBuildFile; fileRef = AD1ABABC2831907F00B3E448 /* LaunchScreen.storyboard */; };
		AD5EE5DE284D7887003966EF /* UIColor+Extensions.swift in Sources */ = {isa = PBXBuildFile; fileRef = AD5EE5DD284D7887003966EF /* UIColor+Extensions.swift */; };
		AD77F5742857F8810062FB14 /* Date+Extensions.swift in Sources */ = {isa = PBXBuildFile; fileRef = AD77F5732857F8810062FB14 /* Date+Extensions.swift */; };
		AD7AFA552836189F00399704 /* Array+Extensions.swift in Sources */ = {isa = PBXBuildFile; fileRef = AD7AFA542836189F00399704 /* Array+Extensions.swift */; };
		EE26A9D52B0FCFA10009CC70 /* QuestionFactory.swift in Sources */ = {isa = PBXBuildFile; fileRef = EE26A9D42B0FCFA10009CC70 /* QuestionFactory.swift */; };
		EE26A9D72B1111190009CC70 /* QuizResultsViewModel.swift in Sources */ = {isa = PBXBuildFile; fileRef = EE26A9D62B1111190009CC70 /* QuizResultsViewModel.swift */; };
		EE26A9D92B11116A0009CC70 /* QuizQuestion.swift in Sources */ = {isa = PBXBuildFile; fileRef = EE26A9D82B11116A0009CC70 /* QuizQuestion.swift */; };
		EE26A9DB2B1479F60009CC70 /* QuestionFactoryProtocol.swift in Sources */ = {isa = PBXBuildFile; fileRef = EE26A9DA2B1479F50009CC70 /* QuestionFactoryProtocol.swift */; };
		EE26A9DD2B165B490009CC70 /* QuestionFactoryDelegate.swift in Sources */ = {isa = PBXBuildFile; fileRef = EE26A9DC2B165B490009CC70 /* QuestionFactoryDelegate.swift */; };
		EE26A9DF2B1674C00009CC70 /* AlertModels.swift in Sources */ = {isa = PBXBuildFile; fileRef = EE26A9DE2B1674C00009CC70 /* AlertModels.swift */; };
		EE26A9E12B16753B0009CC70 /* AlertPresenter.swift in Sources */ = {isa = PBXBuildFile; fileRef = EE26A9E02B16753B0009CC70 /* AlertPresenter.swift */; };
		EE26A9E52B1FA9CA0009CC70 /* StatisticService.swift in Sources */ = {isa = PBXBuildFile; fileRef = EE26A9E42B1FA9CA0009CC70 /* StatisticService.swift */; };
		EE26A9E72B1FAAEC0009CC70 /* GameRecord.swift in Sources */ = {isa = PBXBuildFile; fileRef = EE26A9E62B1FAAEC0009CC70 /* GameRecord.swift */; };
		EE26CFF12BDC21A6000CFB5A /* MovieQuizPresenter.swift in Sources */ = {isa = PBXBuildFile; fileRef = EE26CFF02BDC21A6000CFB5A /* MovieQuizPresenter.swift */; };
		EE26CFF32BDC4C6B000CFB5A /* MovieQuizViewControllerProtocol.swift in Sources */ = {isa = PBXBuildFile; fileRef = EE26CFF22BDC4C6B000CFB5A /* MovieQuizViewControllerProtocol.swift */; };
		EE26CFF52BDC4EBD000CFB5A /* MovieLoaderTests.swift in Sources */ = {isa = PBXBuildFile; fileRef = EE26CFF42BDC4EBD000CFB5A /* MovieLoaderTests.swift */; };
		EE26CFF72BDC4F7A000CFB5A /* MovieQuizViewControllerMock.swift in Sources */ = {isa = PBXBuildFile; fileRef = EE26CFF62BDC4F79000CFB5A /* MovieQuizViewControllerMock.swift */; };
		EE26CFF92BDC5007000CFB5A /* MovieQuizTests-.swift in Sources */ = {isa = PBXBuildFile; fileRef = EE26CFF82BDC5007000CFB5A /* MovieQuizTests-.swift */; };
		EE26CFFB2BDC50E2000CFB5A /* StatisticServiceProtocol.swift in Sources */ = {isa = PBXBuildFile; fileRef = EE26CFFA2BDC50E2000CFB5A /* StatisticServiceProtocol.swift */; };
		EE26CFFD2BDC52C6000CFB5A /* MovieQuizUITestsLaunchTests.swift in Sources */ = {isa = PBXBuildFile; fileRef = EE26CFFC2BDC52C6000CFB5A /* MovieQuizUITestsLaunchTests.swift */; };
		EE26CFFF2BDC53DD000CFB5A /* AlertPresenterProtocol.swift in Sources */ = {isa = PBXBuildFile; fileRef = EE26CFFE2BDC53DD000CFB5A /* AlertPresenterProtocol.swift */; };
		EE26D0012BDC53FE000CFB5A /* AlertPresenterDelegate.swift in Sources */ = {isa = PBXBuildFile; fileRef = EE26D0002BDC53FE000CFB5A /* AlertPresenterDelegate.swift */; };
		EE26D0032BDC54E7000CFB5A /* Float+Extention.swift in Sources */ = {isa = PBXBuildFile; fileRef = EE26D0022BDC54E7000CFB5A /* Float+Extention.swift */; };
		EE5C95A22BCBE8FC0061396C /* NetworkClient.swift in Sources */ = {isa = PBXBuildFile; fileRef = EE5C95A12BCBE8FC0061396C /* NetworkClient.swift */; };
		EE5C95A42BCBECE30061396C /* MostPopularMovies.swift in Sources */ = {isa = PBXBuildFile; fileRef = EE5C95A32BCBECE30061396C /* MostPopularMovies.swift */; };
		EE5C95A62BCBEEC30061396C /* MoviesLoader.swift in Sources */ = {isa = PBXBuildFile; fileRef = EE5C95A52BCBEEC30061396C /* MoviesLoader.swift */; };
		EEA0DAD52AF007E400F257A2 /* YS Display-Bold.ttf in Resources */ = {isa = PBXBuildFile; fileRef = EEA0DAD42AF007E400F257A2 /* YS Display-Bold.ttf */; };
		EEA0DAD72AF0082B00F257A2 /* YS Display-Medium.ttf in Resources */ = {isa = PBXBuildFile; fileRef = EEA0DAD62AF0082B00F257A2 /* YS Display-Medium.ttf */; };
		EEDBE92B2AFC22F200821FDE /* QuizStepViewModel.swift in Sources */ = {isa = PBXBuildFile; fileRef = EEDBE92A2AFC22F200821FDE /* QuizStepViewModel.swift */; };
		EEEDDFBB2BDBE65D007FA3DD /* MovieQuizUITests.swift in Sources */ = {isa = PBXBuildFile; fileRef = EEEDDFBA2BDBE65D007FA3DD /* MovieQuizUITests.swift */; };
		EEEDDFD12BDBE6D8007FA3DD /* ArrayTests.swift in Sources */ = {isa = PBXBuildFile; fileRef = EEEDDFD02BDBE6D8007FA3DD /* ArrayTests.swift */; };
/* End PBXBuildFile section */

/* Begin PBXContainerItemProxy section */
		EEEDDFBE2BDBE65D007FA3DD /* PBXContainerItemProxy */ = {
			isa = PBXContainerItemProxy;
			containerPortal = AD1ABAA62831907B00B3E448 /* Project object */;
			proxyType = 1;
			remoteGlobalIDString = AD1ABAAD2831907B00B3E448;
			remoteInfo = MovieQuiz;
		};
		EEEDDFCB2BDBE682007FA3DD /* PBXContainerItemProxy */ = {
			isa = PBXContainerItemProxy;
			containerPortal = AD1ABAA62831907B00B3E448 /* Project object */;
			proxyType = 1;
			remoteGlobalIDString = AD1ABAAD2831907B00B3E448;
			remoteInfo = MovieQuiz;
		};
/* End PBXContainerItemProxy section */

/* Begin PBXFileReference section */
		AD1ABAAE2831907B00B3E448 /* MovieQuiz.app */ = {isa = PBXFileReference; explicitFileType = wrapper.application; includeInIndex = 0; path = MovieQuiz.app; sourceTree = BUILT_PRODUCTS_DIR; };
		AD1ABAB12831907B00B3E448 /* AppDelegate.swift */ = {isa = PBXFileReference; lastKnownFileType = sourcecode.swift; path = AppDelegate.swift; sourceTree = "<group>"; };
		AD1ABAB32831907B00B3E448 /* SceneDelegate.swift */ = {isa = PBXFileReference; lastKnownFileType = sourcecode.swift; path = SceneDelegate.swift; sourceTree = "<group>"; };
		AD1ABAB52831907B00B3E448 /* MovieQuizViewController.swift */ = {isa = PBXFileReference; lastKnownFileType = sourcecode.swift; path = MovieQuizViewController.swift; sourceTree = "<group>"; };
		AD1ABAB82831907B00B3E448 /* Base */ = {isa = PBXFileReference; lastKnownFileType = file.storyboard; name = Base; path = Base.lproj/Main.storyboard; sourceTree = "<group>"; };
		AD1ABABA2831907F00B3E448 /* Assets.xcassets */ = {isa = PBXFileReference; lastKnownFileType = folder.assetcatalog; path = Assets.xcassets; sourceTree = "<group>"; };
		AD1ABABD2831907F00B3E448 /* Base */ = {isa = PBXFileReference; lastKnownFileType = file.storyboard; name = Base; path = Base.lproj/LaunchScreen.storyboard; sourceTree = "<group>"; };
		AD1ABABF2831907F00B3E448 /* Info.plist */ = {isa = PBXFileReference; lastKnownFileType = text.plist.xml; path = Info.plist; sourceTree = "<group>"; };
		AD5EE5DD284D7887003966EF /* UIColor+Extensions.swift */ = {isa = PBXFileReference; fileEncoding = 4; lastKnownFileType = sourcecode.swift; path = "UIColor+Extensions.swift"; sourceTree = "<group>"; };
		AD77F5732857F8810062FB14 /* Date+Extensions.swift */ = {isa = PBXFileReference; lastKnownFileType = sourcecode.swift; path = "Date+Extensions.swift"; sourceTree = "<group>"; };
		AD7AFA542836189F00399704 /* Array+Extensions.swift */ = {isa = PBXFileReference; lastKnownFileType = sourcecode.swift; path = "Array+Extensions.swift"; sourceTree = "<group>"; };
		EE26A9D42B0FCFA10009CC70 /* QuestionFactory.swift */ = {isa = PBXFileReference; lastKnownFileType = sourcecode.swift; path = QuestionFactory.swift; sourceTree = "<group>"; };
		EE26A9D62B1111190009CC70 /* QuizResultsViewModel.swift */ = {isa = PBXFileReference; lastKnownFileType = sourcecode.swift; path = QuizResultsViewModel.swift; sourceTree = "<group>"; };
		EE26A9D82B11116A0009CC70 /* QuizQuestion.swift */ = {isa = PBXFileReference; lastKnownFileType = sourcecode.swift; path = QuizQuestion.swift; sourceTree = "<group>"; };
		EE26A9DA2B1479F50009CC70 /* QuestionFactoryProtocol.swift */ = {isa = PBXFileReference; lastKnownFileType = sourcecode.swift; path = QuestionFactoryProtocol.swift; sourceTree = "<group>"; };
		EE26A9DC2B165B490009CC70 /* QuestionFactoryDelegate.swift */ = {isa = PBXFileReference; lastKnownFileType = sourcecode.swift; path = QuestionFactoryDelegate.swift; sourceTree = "<group>"; };
		EE26A9DE2B1674C00009CC70 /* AlertModels.swift */ = {isa = PBXFileReference; lastKnownFileType = sourcecode.swift; path = AlertModels.swift; sourceTree = "<group>"; };
		EE26A9E02B16753B0009CC70 /* AlertPresenter.swift */ = {isa = PBXFileReference; lastKnownFileType = sourcecode.swift; path = AlertPresenter.swift; sourceTree = "<group>"; };
		EE26A9E42B1FA9CA0009CC70 /* StatisticService.swift */ = {isa = PBXFileReference; lastKnownFileType = sourcecode.swift; path = StatisticService.swift; sourceTree = "<group>"; };
		EE26A9E62B1FAAEC0009CC70 /* GameRecord.swift */ = {isa = PBXFileReference; lastKnownFileType = sourcecode.swift; path = GameRecord.swift; sourceTree = "<group>"; };
		EE26CFF02BDC21A6000CFB5A /* MovieQuizPresenter.swift */ = {isa = PBXFileReference; lastKnownFileType = sourcecode.swift; path = MovieQuizPresenter.swift; sourceTree = "<group>"; };
		EE26CFF22BDC4C6B000CFB5A /* MovieQuizViewControllerProtocol.swift */ = {isa = PBXFileReference; lastKnownFileType = sourcecode.swift; path = MovieQuizViewControllerProtocol.swift; sourceTree = "<group>"; };
		EE26CFF42BDC4EBD000CFB5A /* MovieLoaderTests.swift */ = {isa = PBXFileReference; lastKnownFileType = sourcecode.swift; path = MovieLoaderTests.swift; sourceTree = "<group>"; };
		EE26CFF62BDC4F79000CFB5A /* MovieQuizViewControllerMock.swift */ = {isa = PBXFileReference; lastKnownFileType = sourcecode.swift; path = MovieQuizViewControllerMock.swift; sourceTree = "<group>"; };
		EE26CFF82BDC5007000CFB5A /* MovieQuizTests-.swift */ = {isa = PBXFileReference; lastKnownFileType = sourcecode.swift; path = "MovieQuizTests-.swift"; sourceTree = "<group>"; };
		EE26CFFA2BDC50E2000CFB5A /* StatisticServiceProtocol.swift */ = {isa = PBXFileReference; lastKnownFileType = sourcecode.swift; path = StatisticServiceProtocol.swift; sourceTree = "<group>"; };
		EE26CFFC2BDC52C6000CFB5A /* MovieQuizUITestsLaunchTests.swift */ = {isa = PBXFileReference; lastKnownFileType = sourcecode.swift; path = MovieQuizUITestsLaunchTests.swift; sourceTree = "<group>"; };
		EE26CFFE2BDC53DD000CFB5A /* AlertPresenterProtocol.swift */ = {isa = PBXFileReference; lastKnownFileType = sourcecode.swift; path = AlertPresenterProtocol.swift; sourceTree = "<group>"; };
		EE26D0002BDC53FE000CFB5A /* AlertPresenterDelegate.swift */ = {isa = PBXFileReference; lastKnownFileType = sourcecode.swift; path = AlertPresenterDelegate.swift; sourceTree = "<group>"; };
		EE26D0022BDC54E7000CFB5A /* Float+Extention.swift */ = {isa = PBXFileReference; lastKnownFileType = sourcecode.swift; path = "Float+Extention.swift"; sourceTree = "<group>"; };
		EE5C95A12BCBE8FC0061396C /* NetworkClient.swift */ = {isa = PBXFileReference; lastKnownFileType = sourcecode.swift; path = NetworkClient.swift; sourceTree = "<group>"; };
		EE5C95A32BCBECE30061396C /* MostPopularMovies.swift */ = {isa = PBXFileReference; lastKnownFileType = sourcecode.swift; path = MostPopularMovies.swift; sourceTree = "<group>"; };
		EE5C95A52BCBEEC30061396C /* MoviesLoader.swift */ = {isa = PBXFileReference; lastKnownFileType = sourcecode.swift; path = MoviesLoader.swift; sourceTree = "<group>"; };
		EEA0DAD42AF007E400F257A2 /* YS Display-Bold.ttf */ = {isa = PBXFileReference; lastKnownFileType = file; path = "YS Display-Bold.ttf"; sourceTree = "<group>"; };
		EEA0DAD62AF0082B00F257A2 /* YS Display-Medium.ttf */ = {isa = PBXFileReference; lastKnownFileType = file; path = "YS Display-Medium.ttf"; sourceTree = "<group>"; };
		EEDBE92A2AFC22F200821FDE /* QuizStepViewModel.swift */ = {isa = PBXFileReference; lastKnownFileType = sourcecode.swift; path = QuizStepViewModel.swift; sourceTree = "<group>"; };
		EEEDDFB82BDBE65D007FA3DD /* MovieQuizUITests.xctest */ = {isa = PBXFileReference; explicitFileType = wrapper.cfbundle; includeInIndex = 0; path = MovieQuizUITests.xctest; sourceTree = BUILT_PRODUCTS_DIR; };
		EEEDDFBA2BDBE65D007FA3DD /* MovieQuizUITests.swift */ = {isa = PBXFileReference; lastKnownFileType = sourcecode.swift; path = MovieQuizUITests.swift; sourceTree = "<group>"; };
		EEEDDFC72BDBE682007FA3DD /* MovieQuizTests.xctest */ = {isa = PBXFileReference; explicitFileType = wrapper.cfbundle; includeInIndex = 0; path = MovieQuizTests.xctest; sourceTree = BUILT_PRODUCTS_DIR; };
		EEEDDFD02BDBE6D8007FA3DD /* ArrayTests.swift */ = {isa = PBXFileReference; lastKnownFileType = sourcecode.swift; path = ArrayTests.swift; sourceTree = "<group>"; };
/* End PBXFileReference section */

/* Begin PBXFrameworksBuildPhase section */
		AD1ABAAB2831907B00B3E448 /* Frameworks */ = {
			isa = PBXFrameworksBuildPhase;
			buildActionMask = 2147483647;
			files = (
			);
			runOnlyForDeploymentPostprocessing = 0;
		};
		EEEDDFB52BDBE65D007FA3DD /* Frameworks */ = {
			isa = PBXFrameworksBuildPhase;
			buildActionMask = 2147483647;
			files = (
			);
			runOnlyForDeploymentPostprocessing = 0;
		};
		EEEDDFC42BDBE682007FA3DD /* Frameworks */ = {
			isa = PBXFrameworksBuildPhase;
			buildActionMask = 2147483647;
			files = (
			);
			runOnlyForDeploymentPostprocessing = 0;
		};
/* End PBXFrameworksBuildPhase section */

/* Begin PBXGroup section */
		8F4738322848DE2A005DF65E /* Presentation */ = {
			isa = PBXGroup;
			children = (
				AD1ABAB52831907B00B3E448 /* MovieQuizViewController.swift */,
				EE26A9E02B16753B0009CC70 /* AlertPresenter.swift */,
				AD1ABAB72831907B00B3E448 /* Main.storyboard */,
				EE26CFF02BDC21A6000CFB5A /* MovieQuizPresenter.swift */,
			);
			path = Presentation;
			sourceTree = "<group>";
		};
		8F4738332848DE46005DF65E /* Resources */ = {
			isa = PBXGroup;
			children = (
				EEA0DAD62AF0082B00F257A2 /* YS Display-Medium.ttf */,
				EEA0DAD42AF007E400F257A2 /* YS Display-Bold.ttf */,
				AD1ABABC2831907F00B3E448 /* LaunchScreen.storyboard */,
				AD1ABABA2831907F00B3E448 /* Assets.xcassets */,
				AD1ABABF2831907F00B3E448 /* Info.plist */,
			);
			path = Resources;
			sourceTree = "<group>";
		};
		AD1ABAA52831907B00B3E448 = {
			isa = PBXGroup;
			children = (
				AD1ABAB02831907B00B3E448 /* MovieQuiz */,
				EEEDDFC82BDBE682007FA3DD /* MovieQuizTests */,
				EEEDDFB92BDBE65D007FA3DD /* MovieQuizUITests */,
				AD1ABAAF2831907B00B3E448 /* Products */,
			);
			sourceTree = "<group>";
		};
		AD1ABAAF2831907B00B3E448 /* Products */ = {
			isa = PBXGroup;
			children = (
				AD1ABAAE2831907B00B3E448 /* MovieQuiz.app */,
				EEEDDFB82BDBE65D007FA3DD /* MovieQuizUITests.xctest */,
				EEEDDFC72BDBE682007FA3DD /* MovieQuizTests.xctest */,
			);
			name = Products;
			sourceTree = "<group>";
		};
		AD1ABAB02831907B00B3E448 /* MovieQuiz */ = {
			isa = PBXGroup;
			children = (
				EE26A9D32B0FCF690009CC70 /* Services */,
				8F4738322848DE2A005DF65E /* Presentation */,
				ADF0CF75283FDAA10075F54D /* Helpers */,
				8F4738332848DE46005DF65E /* Resources */,
				EEDBE9292AFC229C00821FDE /* Models */,
				AD1ABAB12831907B00B3E448 /* AppDelegate.swift */,
				AD1ABAB32831907B00B3E448 /* SceneDelegate.swift */,
			);
			path = MovieQuiz;
			sourceTree = "<group>";
		};
		ADF0CF75283FDAA10075F54D /* Helpers */ = {
			isa = PBXGroup;
			children = (
				AD5EE5DD284D7887003966EF /* UIColor+Extensions.swift */,
				AD7AFA542836189F00399704 /* Array+Extensions.swift */,
				AD77F5732857F8810062FB14 /* Date+Extensions.swift */,
				EE26D0022BDC54E7000CFB5A /* Float+Extention.swift */,
			);
			path = Helpers;
			sourceTree = "<group>";
		};
		EE26A9D32B0FCF690009CC70 /* Services */ = {
			isa = PBXGroup;
			children = (
				EE26A9D42B0FCFA10009CC70 /* QuestionFactory.swift */,
				EE26A9DA2B1479F50009CC70 /* QuestionFactoryProtocol.swift */,
				EE26A9DC2B165B490009CC70 /* QuestionFactoryDelegate.swift */,
				EE26A9E42B1FA9CA0009CC70 /* StatisticService.swift */,
				EE5C95A12BCBE8FC0061396C /* NetworkClient.swift */,
				EE5C95A52BCBEEC30061396C /* MoviesLoader.swift */,
				EE26CFF22BDC4C6B000CFB5A /* MovieQuizViewControllerProtocol.swift */,
				EE26CFFA2BDC50E2000CFB5A /* StatisticServiceProtocol.swift */,
				EE26CFFE2BDC53DD000CFB5A /* AlertPresenterProtocol.swift */,
				EE26D0002BDC53FE000CFB5A /* AlertPresenterDelegate.swift */,
			);
			path = Services;
			sourceTree = "<group>";
		};
		EEDBE9292AFC229C00821FDE /* Models */ = {
			isa = PBXGroup;
			children = (
				EEDBE92A2AFC22F200821FDE /* QuizStepViewModel.swift */,
				EE26A9D62B1111190009CC70 /* QuizResultsViewModel.swift */,
				EE26A9D82B11116A0009CC70 /* QuizQuestion.swift */,
				EE26A9DE2B1674C00009CC70 /* AlertModels.swift */,
				EE26A9E62B1FAAEC0009CC70 /* GameRecord.swift */,
				EE5C95A32BCBECE30061396C /* MostPopularMovies.swift */,
			);
			path = Models;
			sourceTree = "<group>";
		};
		EEEDDFB92BDBE65D007FA3DD /* MovieQuizUITests */ = {
			isa = PBXGroup;
			children = (
				EEEDDFBA2BDBE65D007FA3DD /* MovieQuizUITests.swift */,
				EE26CFFC2BDC52C6000CFB5A /* MovieQuizUITestsLaunchTests.swift */,
			);
			path = MovieQuizUITests;
			sourceTree = "<group>";
		};
		EEEDDFC82BDBE682007FA3DD /* MovieQuizTests */ = {
			isa = PBXGroup;
			children = (
				EEEDDFD02BDBE6D8007FA3DD /* ArrayTests.swift */,
				EE26CFF42BDC4EBD000CFB5A /* MovieLoaderTests.swift */,
				EE26CFF62BDC4F79000CFB5A /* MovieQuizViewControllerMock.swift */,
				EE26CFF82BDC5007000CFB5A /* MovieQuizTests-.swift */,
			);
			path = MovieQuizTests;
			sourceTree = "<group>";
		};
/* End PBXGroup section */

/* Begin PBXNativeTarget section */
		AD1ABAAD2831907B00B3E448 /* MovieQuiz */ = {
			isa = PBXNativeTarget;
			buildConfigurationList = AD1ABAC22831907F00B3E448 /* Build configuration list for PBXNativeTarget "MovieQuiz" */;
			buildPhases = (
				AD1ABAAA2831907B00B3E448 /* Sources */,
				AD1ABAAB2831907B00B3E448 /* Frameworks */,
				AD1ABAAC2831907B00B3E448 /* Resources */,
			);
			buildRules = (
			);
			dependencies = (
			);
			name = MovieQuiz;
			productName = MovieQuiz;
			productReference = AD1ABAAE2831907B00B3E448 /* MovieQuiz.app */;
			productType = "com.apple.product-type.application";
		};
		EEEDDFB72BDBE65D007FA3DD /* MovieQuizUITests */ = {
			isa = PBXNativeTarget;
			buildConfigurationList = EEEDDFC22BDBE65D007FA3DD /* Build configuration list for PBXNativeTarget "MovieQuizUITests" */;
			buildPhases = (
				EEEDDFB42BDBE65D007FA3DD /* Sources */,
				EEEDDFB52BDBE65D007FA3DD /* Frameworks */,
				EEEDDFB62BDBE65D007FA3DD /* Resources */,
			);
			buildRules = (
			);
			dependencies = (
				EEEDDFBF2BDBE65D007FA3DD /* PBXTargetDependency */,
			);
			name = MovieQuizUITests;
			productName = MovieQuizUITests;
			productReference = EEEDDFB82BDBE65D007FA3DD /* MovieQuizUITests.xctest */;
			productType = "com.apple.product-type.bundle.ui-testing";
		};
		EEEDDFC62BDBE682007FA3DD /* MovieQuizTests */ = {
			isa = PBXNativeTarget;
			buildConfigurationList = EEEDDFCD2BDBE682007FA3DD /* Build configuration list for PBXNativeTarget "MovieQuizTests" */;
			buildPhases = (
				EEEDDFC32BDBE682007FA3DD /* Sources */,
				EEEDDFC42BDBE682007FA3DD /* Frameworks */,
				EEEDDFC52BDBE682007FA3DD /* Resources */,
			);
			buildRules = (
			);
			dependencies = (
				EEEDDFCC2BDBE682007FA3DD /* PBXTargetDependency */,
			);
			name = MovieQuizTests;
			productName = MovieQuizTests;
			productReference = EEEDDFC72BDBE682007FA3DD /* MovieQuizTests.xctest */;
			productType = "com.apple.product-type.bundle.unit-test";
		};
/* End PBXNativeTarget section */

/* Begin PBXProject section */
		AD1ABAA62831907B00B3E448 /* Project object */ = {
			isa = PBXProject;
			attributes = {
				BuildIndependentTargetsInParallel = 1;
				LastSwiftUpdateCheck = 1530;
				LastUpgradeCheck = 1330;
				ORGANIZATIONNAME = "";
				TargetAttributes = {
					AD1ABAAD2831907B00B3E448 = {
						CreatedOnToolsVersion = 13.3.1;
					};
					EEEDDFB72BDBE65D007FA3DD = {
						CreatedOnToolsVersion = 15.3;
						TestTargetID = AD1ABAAD2831907B00B3E448;
					};
					EEEDDFC62BDBE682007FA3DD = {
						CreatedOnToolsVersion = 15.3;
						TestTargetID = AD1ABAAD2831907B00B3E448;
					};
				};
			};
			buildConfigurationList = AD1ABAA92831907B00B3E448 /* Build configuration list for PBXProject "MovieQuiz" */;
			compatibilityVersion = "Xcode 13.0";
			developmentRegion = en;
			hasScannedForEncodings = 0;
			knownRegions = (
				en,
				Base,
			);
			mainGroup = AD1ABAA52831907B00B3E448;
			productRefGroup = AD1ABAAF2831907B00B3E448 /* Products */;
			projectDirPath = "";
			projectRoot = "";
			targets = (
				AD1ABAAD2831907B00B3E448 /* MovieQuiz */,
				EEEDDFB72BDBE65D007FA3DD /* MovieQuizUITests */,
				EEEDDFC62BDBE682007FA3DD /* MovieQuizTests */,
			);
		};
/* End PBXProject section */

/* Begin PBXResourcesBuildPhase section */
		AD1ABAAC2831907B00B3E448 /* Resources */ = {
			isa = PBXResourcesBuildPhase;
			buildActionMask = 2147483647;
			files = (
				AD1ABABE2831907F00B3E448 /* LaunchScreen.storyboard in Resources */,
				AD1ABABB2831907F00B3E448 /* Assets.xcassets in Resources */,
				AD1ABAB92831907B00B3E448 /* Main.storyboard in Resources */,
				EEA0DAD52AF007E400F257A2 /* YS Display-Bold.ttf in Resources */,
				EEA0DAD72AF0082B00F257A2 /* YS Display-Medium.ttf in Resources */,
			);
			runOnlyForDeploymentPostprocessing = 0;
		};
		EEEDDFB62BDBE65D007FA3DD /* Resources */ = {
			isa = PBXResourcesBuildPhase;
			buildActionMask = 2147483647;
			files = (
			);
			runOnlyForDeploymentPostprocessing = 0;
		};
		EEEDDFC52BDBE682007FA3DD /* Resources */ = {
			isa = PBXResourcesBuildPhase;
			buildActionMask = 2147483647;
			files = (
			);
			runOnlyForDeploymentPostprocessing = 0;
		};
/* End PBXResourcesBuildPhase section */

/* Begin PBXSourcesBuildPhase section */
		AD1ABAAA2831907B00B3E448 /* Sources */ = {
			isa = PBXSourcesBuildPhase;
			buildActionMask = 2147483647;
			files = (
				EE26CFF12BDC21A6000CFB5A /* MovieQuizPresenter.swift in Sources */,
				EE26A9D52B0FCFA10009CC70 /* QuestionFactory.swift in Sources */,
				EE26D0012BDC53FE000CFB5A /* AlertPresenterDelegate.swift in Sources */,
				EE5C95A42BCBECE30061396C /* MostPopularMovies.swift in Sources */,
				EE26A9E12B16753B0009CC70 /* AlertPresenter.swift in Sources */,
				EE26CFFF2BDC53DD000CFB5A /* AlertPresenterProtocol.swift in Sources */,
				AD5EE5DE284D7887003966EF /* UIColor+Extensions.swift in Sources */,
				EE26CFF32BDC4C6B000CFB5A /* MovieQuizViewControllerProtocol.swift in Sources */,
				EE26A9DF2B1674C00009CC70 /* AlertModels.swift in Sources */,
				EE26A9E72B1FAAEC0009CC70 /* GameRecord.swift in Sources */,
				EE5C95A22BCBE8FC0061396C /* NetworkClient.swift in Sources */,
				EE5C95A62BCBEEC30061396C /* MoviesLoader.swift in Sources */,
				EE26D0032BDC54E7000CFB5A /* Float+Extention.swift in Sources */,
				EE26A9DB2B1479F60009CC70 /* QuestionFactoryProtocol.swift in Sources */,
				EE26A9DD2B165B490009CC70 /* QuestionFactoryDelegate.swift in Sources */,
				AD7AFA552836189F00399704 /* Array+Extensions.swift in Sources */,
				EE26A9E52B1FA9CA0009CC70 /* StatisticService.swift in Sources */,
				AD1ABAB62831907B00B3E448 /* MovieQuizViewController.swift in Sources */,
				EE26A9D92B11116A0009CC70 /* QuizQuestion.swift in Sources */,
				EE26CFFB2BDC50E2000CFB5A /* StatisticServiceProtocol.swift in Sources */,
				AD77F5742857F8810062FB14 /* Date+Extensions.swift in Sources */,
				AD1ABAB22831907B00B3E448 /* AppDelegate.swift in Sources */,
				AD1ABAB42831907B00B3E448 /* SceneDelegate.swift in Sources */,
				EE26A9D72B1111190009CC70 /* QuizResultsViewModel.swift in Sources */,
				EEDBE92B2AFC22F200821FDE /* QuizStepViewModel.swift in Sources */,
			);
			runOnlyForDeploymentPostprocessing = 0;
		};
		EEEDDFB42BDBE65D007FA3DD /* Sources */ = {
			isa = PBXSourcesBuildPhase;
			buildActionMask = 2147483647;
			files = (
				EE26CFFD2BDC52C6000CFB5A /* MovieQuizUITestsLaunchTests.swift in Sources */,
				EEEDDFBB2BDBE65D007FA3DD /* MovieQuizUITests.swift in Sources */,
			);
			runOnlyForDeploymentPostprocessing = 0;
		};
		EEEDDFC32BDBE682007FA3DD /* Sources */ = {
			isa = PBXSourcesBuildPhase;
			buildActionMask = 2147483647;
			files = (
				EEEDDFD12BDBE6D8007FA3DD /* ArrayTests.swift in Sources */,
				EE26CFF92BDC5007000CFB5A /* MovieQuizTests-.swift in Sources */,
				EE26CFF72BDC4F7A000CFB5A /* MovieQuizViewControllerMock.swift in Sources */,
				EE26CFF52BDC4EBD000CFB5A /* MovieLoaderTests.swift in Sources */,
			);
			runOnlyForDeploymentPostprocessing = 0;
		};
/* End PBXSourcesBuildPhase section */

/* Begin PBXTargetDependency section */
		EEEDDFBF2BDBE65D007FA3DD /* PBXTargetDependency */ = {
			isa = PBXTargetDependency;
			target = AD1ABAAD2831907B00B3E448 /* MovieQuiz */;
			targetProxy = EEEDDFBE2BDBE65D007FA3DD /* PBXContainerItemProxy */;
		};
		EEEDDFCC2BDBE682007FA3DD /* PBXTargetDependency */ = {
			isa = PBXTargetDependency;
			target = AD1ABAAD2831907B00B3E448 /* MovieQuiz */;
			targetProxy = EEEDDFCB2BDBE682007FA3DD /* PBXContainerItemProxy */;
		};
/* End PBXTargetDependency section */

/* Begin PBXVariantGroup section */
		AD1ABAB72831907B00B3E448 /* Main.storyboard */ = {
			isa = PBXVariantGroup;
			children = (
				AD1ABAB82831907B00B3E448 /* Base */,
			);
			name = Main.storyboard;
			sourceTree = "<group>";
		};
		AD1ABABC2831907F00B3E448 /* LaunchScreen.storyboard */ = {
			isa = PBXVariantGroup;
			children = (
				AD1ABABD2831907F00B3E448 /* Base */,
			);
			name = LaunchScreen.storyboard;
			sourceTree = "<group>";
		};
/* End PBXVariantGroup section */

/* Begin XCBuildConfiguration section */
		AD1ABAC02831907F00B3E448 /* Debug */ = {
			isa = XCBuildConfiguration;
			buildSettings = {
				ALWAYS_SEARCH_USER_PATHS = NO;
				CLANG_ANALYZER_NONNULL = YES;
				CLANG_ANALYZER_NUMBER_OBJECT_CONVERSION = YES_AGGRESSIVE;
				CLANG_CXX_LANGUAGE_STANDARD = "gnu++17";
				CLANG_ENABLE_MODULES = YES;
				CLANG_ENABLE_OBJC_ARC = YES;
				CLANG_ENABLE_OBJC_WEAK = YES;
				CLANG_WARN_BLOCK_CAPTURE_AUTORELEASING = YES;
				CLANG_WARN_BOOL_CONVERSION = YES;
				CLANG_WARN_COMMA = YES;
				CLANG_WARN_CONSTANT_CONVERSION = YES;
				CLANG_WARN_DEPRECATED_OBJC_IMPLEMENTATIONS = YES;
				CLANG_WARN_DIRECT_OBJC_ISA_USAGE = YES_ERROR;
				CLANG_WARN_DOCUMENTATION_COMMENTS = YES;
				CLANG_WARN_EMPTY_BODY = YES;
				CLANG_WARN_ENUM_CONVERSION = YES;
				CLANG_WARN_INFINITE_RECURSION = YES;
				CLANG_WARN_INT_CONVERSION = YES;
				CLANG_WARN_NON_LITERAL_NULL_CONVERSION = YES;
				CLANG_WARN_OBJC_IMPLICIT_RETAIN_SELF = YES;
				CLANG_WARN_OBJC_LITERAL_CONVERSION = YES;
				CLANG_WARN_OBJC_ROOT_CLASS = YES_ERROR;
				CLANG_WARN_QUOTED_INCLUDE_IN_FRAMEWORK_HEADER = YES;
				CLANG_WARN_RANGE_LOOP_ANALYSIS = YES;
				CLANG_WARN_STRICT_PROTOTYPES = YES;
				CLANG_WARN_SUSPICIOUS_MOVE = YES;
				CLANG_WARN_UNGUARDED_AVAILABILITY = YES_AGGRESSIVE;
				CLANG_WARN_UNREACHABLE_CODE = YES;
				CLANG_WARN__DUPLICATE_METHOD_MATCH = YES;
				COPY_PHASE_STRIP = NO;
				DEBUG_INFORMATION_FORMAT = dwarf;
				ENABLE_STRICT_OBJC_MSGSEND = YES;
				ENABLE_TESTABILITY = YES;
				GCC_C_LANGUAGE_STANDARD = gnu11;
				GCC_DYNAMIC_NO_PIC = NO;
				GCC_NO_COMMON_BLOCKS = YES;
				GCC_OPTIMIZATION_LEVEL = 0;
				GCC_PREPROCESSOR_DEFINITIONS = (
					"DEBUG=1",
					"$(inherited)",
				);
				GCC_WARN_64_TO_32_BIT_CONVERSION = YES;
				GCC_WARN_ABOUT_RETURN_TYPE = YES_ERROR;
				GCC_WARN_UNDECLARED_SELECTOR = YES;
				GCC_WARN_UNINITIALIZED_AUTOS = YES_AGGRESSIVE;
				GCC_WARN_UNUSED_FUNCTION = YES;
				GCC_WARN_UNUSED_VARIABLE = YES;
				IPHONEOS_DEPLOYMENT_TARGET = 15.4;
				MTL_ENABLE_DEBUG_INFO = INCLUDE_SOURCE;
				MTL_FAST_MATH = YES;
				ONLY_ACTIVE_ARCH = YES;
				SDKROOT = iphoneos;
				SWIFT_ACTIVE_COMPILATION_CONDITIONS = DEBUG;
				SWIFT_OPTIMIZATION_LEVEL = "-Onone";
			};
			name = Debug;
		};
		AD1ABAC12831907F00B3E448 /* Release */ = {
			isa = XCBuildConfiguration;
			buildSettings = {
				ALWAYS_SEARCH_USER_PATHS = NO;
				CLANG_ANALYZER_NONNULL = YES;
				CLANG_ANALYZER_NUMBER_OBJECT_CONVERSION = YES_AGGRESSIVE;
				CLANG_CXX_LANGUAGE_STANDARD = "gnu++17";
				CLANG_ENABLE_MODULES = YES;
				CLANG_ENABLE_OBJC_ARC = YES;
				CLANG_ENABLE_OBJC_WEAK = YES;
				CLANG_WARN_BLOCK_CAPTURE_AUTORELEASING = YES;
				CLANG_WARN_BOOL_CONVERSION = YES;
				CLANG_WARN_COMMA = YES;
				CLANG_WARN_CONSTANT_CONVERSION = YES;
				CLANG_WARN_DEPRECATED_OBJC_IMPLEMENTATIONS = YES;
				CLANG_WARN_DIRECT_OBJC_ISA_USAGE = YES_ERROR;
				CLANG_WARN_DOCUMENTATION_COMMENTS = YES;
				CLANG_WARN_EMPTY_BODY = YES;
				CLANG_WARN_ENUM_CONVERSION = YES;
				CLANG_WARN_INFINITE_RECURSION = YES;
				CLANG_WARN_INT_CONVERSION = YES;
				CLANG_WARN_NON_LITERAL_NULL_CONVERSION = YES;
				CLANG_WARN_OBJC_IMPLICIT_RETAIN_SELF = YES;
				CLANG_WARN_OBJC_LITERAL_CONVERSION = YES;
				CLANG_WARN_OBJC_ROOT_CLASS = YES_ERROR;
				CLANG_WARN_QUOTED_INCLUDE_IN_FRAMEWORK_HEADER = YES;
				CLANG_WARN_RANGE_LOOP_ANALYSIS = YES;
				CLANG_WARN_STRICT_PROTOTYPES = YES;
				CLANG_WARN_SUSPICIOUS_MOVE = YES;
				CLANG_WARN_UNGUARDED_AVAILABILITY = YES_AGGRESSIVE;
				CLANG_WARN_UNREACHABLE_CODE = YES;
				CLANG_WARN__DUPLICATE_METHOD_MATCH = YES;
				COPY_PHASE_STRIP = NO;
				DEBUG_INFORMATION_FORMAT = "dwarf-with-dsym";
				ENABLE_NS_ASSERTIONS = NO;
				ENABLE_STRICT_OBJC_MSGSEND = YES;
				GCC_C_LANGUAGE_STANDARD = gnu11;
				GCC_NO_COMMON_BLOCKS = YES;
				GCC_WARN_64_TO_32_BIT_CONVERSION = YES;
				GCC_WARN_ABOUT_RETURN_TYPE = YES_ERROR;
				GCC_WARN_UNDECLARED_SELECTOR = YES;
				GCC_WARN_UNINITIALIZED_AUTOS = YES_AGGRESSIVE;
				GCC_WARN_UNUSED_FUNCTION = YES;
				GCC_WARN_UNUSED_VARIABLE = YES;
				IPHONEOS_DEPLOYMENT_TARGET = 15.4;
				MTL_ENABLE_DEBUG_INFO = NO;
				MTL_FAST_MATH = YES;
				SDKROOT = iphoneos;
				SWIFT_COMPILATION_MODE = wholemodule;
				SWIFT_OPTIMIZATION_LEVEL = "-O";
				VALIDATE_PRODUCT = YES;
			};
			name = Release;
		};
		AD1ABAC32831907F00B3E448 /* Debug */ = {
			isa = XCBuildConfiguration;
			buildSettings = {
				ASSETCATALOG_COMPILER_APPICON_NAME = AppIcon;
				CODE_SIGN_IDENTITY = "Apple Development";
				CODE_SIGN_STYLE = Automatic;
				CURRENT_PROJECT_VERSION = 1;
				DEVELOPMENT_TEAM = B8G8UK2S7T;
				GENERATE_INFOPLIST_FILE = YES;
				INFOPLIST_FILE = MovieQuiz/Resources/Info.plist;
				INFOPLIST_KEY_UIApplicationSupportsIndirectInputEvents = YES;
				INFOPLIST_KEY_UILaunchStoryboardName = LaunchScreen;
				INFOPLIST_KEY_UIMainStoryboardFile = Main;
				INFOPLIST_KEY_UIStatusBarHidden = YES;
				INFOPLIST_KEY_UISupportedInterfaceOrientations = UIInterfaceOrientationPortrait;
				INFOPLIST_KEY_UISupportedInterfaceOrientations_iPad = "UIInterfaceOrientationLandscapeLeft UIInterfaceOrientationLandscapeRight UIInterfaceOrientationPortrait UIInterfaceOrientationPortraitUpsideDown";
				IPHONEOS_DEPLOYMENT_TARGET = 13.0;
				LD_RUNPATH_SEARCH_PATHS = (
					"$(inherited)",
					"@executable_path/Frameworks",
				);
				MARKETING_VERSION = 1.0;
				PRODUCT_BUNDLE_IDENTIFIER = MovieQuiz;
				PRODUCT_NAME = "$(TARGET_NAME)";
				PROVISIONING_PROFILE_SPECIFIER = "";
				SWIFT_EMIT_LOC_STRINGS = YES;
				SWIFT_VERSION = 5.0;
				TARGETED_DEVICE_FAMILY = 1;
			};
			name = Debug;
		};
		AD1ABAC42831907F00B3E448 /* Release */ = {
			isa = XCBuildConfiguration;
			buildSettings = {
				ASSETCATALOG_COMPILER_APPICON_NAME = AppIcon;
				CODE_SIGN_IDENTITY = "Apple Development";
				CODE_SIGN_STYLE = Automatic;
				CURRENT_PROJECT_VERSION = 1;
				DEVELOPMENT_TEAM = B8G8UK2S7T;
				GENERATE_INFOPLIST_FILE = YES;
				INFOPLIST_FILE = MovieQuiz/Resources/Info.plist;
				INFOPLIST_KEY_UIApplicationSupportsIndirectInputEvents = YES;
				INFOPLIST_KEY_UILaunchStoryboardName = LaunchScreen;
				INFOPLIST_KEY_UIMainStoryboardFile = Main;
				INFOPLIST_KEY_UIStatusBarHidden = YES;
				INFOPLIST_KEY_UISupportedInterfaceOrientations = UIInterfaceOrientationPortrait;
				INFOPLIST_KEY_UISupportedInterfaceOrientations_iPad = "UIInterfaceOrientationLandscapeLeft UIInterfaceOrientationLandscapeRight UIInterfaceOrientationPortrait UIInterfaceOrientationPortraitUpsideDown";
				IPHONEOS_DEPLOYMENT_TARGET = 13.0;
				LD_RUNPATH_SEARCH_PATHS = (
					"$(inherited)",
					"@executable_path/Frameworks",
				);
				MARKETING_VERSION = 1.0;
				PRODUCT_BUNDLE_IDENTIFIER = MovieQuiz;
				PRODUCT_NAME = "$(TARGET_NAME)";
				PROVISIONING_PROFILE_SPECIFIER = "";
				SWIFT_EMIT_LOC_STRINGS = YES;
				SWIFT_VERSION = 5.0;
				TARGETED_DEVICE_FAMILY = 1;
			};
			name = Release;
		};
		EEEDDFC02BDBE65D007FA3DD /* Debug */ = {
			isa = XCBuildConfiguration;
			buildSettings = {
				ASSETCATALOG_COMPILER_GENERATE_SWIFT_ASSET_SYMBOL_EXTENSIONS = YES;
				CLANG_CXX_LANGUAGE_STANDARD = "gnu++20";
				CODE_SIGN_STYLE = Automatic;
				CURRENT_PROJECT_VERSION = 1;
				DEVELOPMENT_TEAM = B8G8UK2S7T;
				ENABLE_USER_SCRIPT_SANDBOXING = YES;
				GCC_C_LANGUAGE_STANDARD = gnu17;
				GENERATE_INFOPLIST_FILE = YES;
				IPHONEOS_DEPLOYMENT_TARGET = 17.4;
				LOCALIZATION_PREFERS_STRING_CATALOGS = YES;
				MARKETING_VERSION = 1.0;
				PRODUCT_BUNDLE_IDENTIFIER = ru.yandex.practicum.MovieQuizUITests;
				PRODUCT_NAME = "$(TARGET_NAME)";
				SWIFT_ACTIVE_COMPILATION_CONDITIONS = "DEBUG $(inherited)";
				SWIFT_EMIT_LOC_STRINGS = NO;
				SWIFT_VERSION = 5.0;
				TARGETED_DEVICE_FAMILY = "1,2";
				TEST_TARGET_NAME = MovieQuiz;
			};
			name = Debug;
		};
		EEEDDFC12BDBE65D007FA3DD /* Release */ = {
			isa = XCBuildConfiguration;
			buildSettings = {
				ASSETCATALOG_COMPILER_GENERATE_SWIFT_ASSET_SYMBOL_EXTENSIONS = YES;
				CLANG_CXX_LANGUAGE_STANDARD = "gnu++20";
				CODE_SIGN_STYLE = Automatic;
				CURRENT_PROJECT_VERSION = 1;
				DEVELOPMENT_TEAM = B8G8UK2S7T;
				ENABLE_USER_SCRIPT_SANDBOXING = YES;
				GCC_C_LANGUAGE_STANDARD = gnu17;
				GENERATE_INFOPLIST_FILE = YES;
				IPHONEOS_DEPLOYMENT_TARGET = 17.4;
				LOCALIZATION_PREFERS_STRING_CATALOGS = YES;
				MARKETING_VERSION = 1.0;
				PRODUCT_BUNDLE_IDENTIFIER = ru.yandex.practicum.MovieQuizUITests;
				PRODUCT_NAME = "$(TARGET_NAME)";
				SWIFT_EMIT_LOC_STRINGS = NO;
				SWIFT_VERSION = 5.0;
				TARGETED_DEVICE_FAMILY = "1,2";
				TEST_TARGET_NAME = MovieQuiz;
			};
			name = Release;
		};
		EEEDDFCE2BDBE682007FA3DD /* Debug */ = {
			isa = XCBuildConfiguration;
			buildSettings = {
				ASSETCATALOG_COMPILER_GENERATE_SWIFT_ASSET_SYMBOL_EXTENSIONS = YES;
				BUNDLE_LOADER = "$(TEST_HOST)";
				CLANG_CXX_LANGUAGE_STANDARD = "gnu++20";
				CODE_SIGN_STYLE = Automatic;
				CURRENT_PROJECT_VERSION = 1;
				DEVELOPMENT_TEAM = B8G8UK2S7T;
				ENABLE_USER_SCRIPT_SANDBOXING = YES;
				GCC_C_LANGUAGE_STANDARD = gnu17;
				GENERATE_INFOPLIST_FILE = YES;
				IPHONEOS_DEPLOYMENT_TARGET = 17.4;
				LOCALIZATION_PREFERS_STRING_CATALOGS = YES;
				MARKETING_VERSION = 1.0;
				PRODUCT_BUNDLE_IDENTIFIER = ru.yandex.practicum.MovieQuizTests;
				PRODUCT_NAME = "$(TARGET_NAME)";
				SWIFT_ACTIVE_COMPILATION_CONDITIONS = "DEBUG $(inherited)";
				SWIFT_EMIT_LOC_STRINGS = NO;
				SWIFT_VERSION = 5.0;
				TARGETED_DEVICE_FAMILY = "1,2";
				TEST_HOST = "$(BUILT_PRODUCTS_DIR)/MovieQuiz.app/$(BUNDLE_EXECUTABLE_FOLDER_PATH)/MovieQuiz";
			};
			name = Debug;
		};
		EEEDDFCF2BDBE682007FA3DD /* Release */ = {
			isa = XCBuildConfiguration;
			buildSettings = {
				ASSETCATALOG_COMPILER_GENERATE_SWIFT_ASSET_SYMBOL_EXTENSIONS = YES;
				BUNDLE_LOADER = "$(TEST_HOST)";
				CLANG_CXX_LANGUAGE_STANDARD = "gnu++20";
				CODE_SIGN_STYLE = Automatic;
				CURRENT_PROJECT_VERSION = 1;
				DEVELOPMENT_TEAM = B8G8UK2S7T;
				ENABLE_USER_SCRIPT_SANDBOXING = YES;
				GCC_C_LANGUAGE_STANDARD = gnu17;
				GENERATE_INFOPLIST_FILE = YES;
				IPHONEOS_DEPLOYMENT_TARGET = 17.4;
				LOCALIZATION_PREFERS_STRING_CATALOGS = YES;
				MARKETING_VERSION = 1.0;
				PRODUCT_BUNDLE_IDENTIFIER = ru.yandex.practicum.MovieQuizTests;
				PRODUCT_NAME = "$(TARGET_NAME)";
				SWIFT_EMIT_LOC_STRINGS = NO;
				SWIFT_VERSION = 5.0;
				TARGETED_DEVICE_FAMILY = "1,2";
				TEST_HOST = "$(BUILT_PRODUCTS_DIR)/MovieQuiz.app/$(BUNDLE_EXECUTABLE_FOLDER_PATH)/MovieQuiz";
			};
			name = Release;
		};
/* End XCBuildConfiguration section */

/* Begin XCConfigurationList section */
		AD1ABAA92831907B00B3E448 /* Build configuration list for PBXProject "MovieQuiz" */ = {
			isa = XCConfigurationList;
			buildConfigurations = (
				AD1ABAC02831907F00B3E448 /* Debug */,
				AD1ABAC12831907F00B3E448 /* Release */,
			);
			defaultConfigurationIsVisible = 0;
			defaultConfigurationName = Release;
		};
		AD1ABAC22831907F00B3E448 /* Build configuration list for PBXNativeTarget "MovieQuiz" */ = {
			isa = XCConfigurationList;
			buildConfigurations = (
				AD1ABAC32831907F00B3E448 /* Debug */,
				AD1ABAC42831907F00B3E448 /* Release */,
			);
			defaultConfigurationIsVisible = 0;
			defaultConfigurationName = Release;
		};
		EEEDDFC22BDBE65D007FA3DD /* Build configuration list for PBXNativeTarget "MovieQuizUITests" */ = {
			isa = XCConfigurationList;
			buildConfigurations = (
				EEEDDFC02BDBE65D007FA3DD /* Debug */,
				EEEDDFC12BDBE65D007FA3DD /* Release */,
			);
			defaultConfigurationIsVisible = 0;
			defaultConfigurationName = Release;
		};
		EEEDDFCD2BDBE682007FA3DD /* Build configuration list for PBXNativeTarget "MovieQuizTests" */ = {
			isa = XCConfigurationList;
			buildConfigurations = (
				EEEDDFCE2BDBE682007FA3DD /* Debug */,
				EEEDDFCF2BDBE682007FA3DD /* Release */,
			);
			defaultConfigurationIsVisible = 0;
			defaultConfigurationName = Release;
		};
/* End XCConfigurationList section */
	};
	rootObject = AD1ABAA62831907B00B3E448 /* Project object */;
}
